
Microsoft Visual Studio Solution File, Format Version 12.00
# Visual Studio Version 16
VisualStudioVersion = 16.0.29424.173
MinimumVisualStudioVersion = 10.0.40219.1
Project("{8BC9CEB8-8B4A-11D0-8D11-00A0C91BC942}") = "AnArray", "AnArray.vcxproj", "{9564717B-E3BB-49D1-AC5D-943D182C3815}"
EndProject
Global
	GlobalSection(SolutionConfigurationPlatforms) = preSolution
		Debug|x64 = Debug|x64
		Debug|x86 = Debug|x86
		Release|x64 = Release|x64
		Release|x86 = Release|x86
	EndGlobalSection
	GlobalSection(ProjectConfigurationPlatforms) = postSolution
		{9564717B-E3BB-49D1-AC5D-943D182C3815}.Debug|x64.ActiveCfg = Debug|x64
		{9564717B-E3BB-49D1-AC5D-943D182C3815}.Debug|x64.Build.0 = Debug|x64
		{9564717B-E3BB-49D1-AC5D-943D182C3815}.Debug|x86.ActiveCfg = Debug|Win32
		{9564717B-E3BB-49D1-AC5D-943D182C3815}.Debug|x86.Build.0 = Debug|Win32
		{9564717B-E3BB-49D1-AC5D-943D182C3815}.Release|x64.ActiveCfg = Release|x64
		{9564717B-E3BB-49D1-AC5D-943D182C3815}.Release|x64.Build.0 = Release|x64
		{9564717B-E3BB-49D1-AC5D-943D182C3815}.Release|x86.ActiveCfg = Release|Win32
		{9564717B-E3BB-49D1-AC5D-943D182C3815}.Release|x86.Build.0 = Release|Win32
	EndGlobalSection
	GlobalSection(SolutionProperties) = preSolution
		HideSolutionNode = FALSE
	EndGlobalSection
	GlobalSection(ExtensibilityGlobals) = postSolution
		SolutionGuid = {4277A9CE-9352-4F39-9817-69BC1BE2BD51}
	EndGlobalSection
EndGlobal
